
Microsoft Visual Studio Solution File, Format Version 12.00
# Visual Studio Version 16
VisualStudioVersion = 16.0.29905.134
MinimumVisualStudioVersion = 10.0.40219.1
Project("{FAE04EC0-301F-11D3-BF4B-00C04F79EFBC}") = "MvcProjeKampi", "MvcProjeKampi\MvcProjeKampi.csproj", "{16665FE6-E499-4F05-A6BF-8B88A5C1A63E}"
EndProject
Project("{FAE04EC0-301F-11D3-BF4B-00C04F79EFBC}") = "EntityLayer", "EntityLayer\EntityLayer.csproj", "{FAE1E87D-C4AB-409C-B4CE-A64D4224525F}"
EndProject
Project("{FAE04EC0-301F-11D3-BF4B-00C04F79EFBC}") = "DataAccessLayer", "DataAccessLayer\DataAccessLayer.csproj", "{6E935F3B-D897-4D63-B805-9B9694A267ED}"
EndProject
Project("{FAE04EC0-301F-11D3-BF4B-00C04F79EFBC}") = "BusinessLayer", "BusinessLayer\BusinessLayer.csproj", "{0D86ACA0-09FA-425D-9E04-AC68561C4E58}"
EndProject
Global
	GlobalSection(SolutionConfigurationPlatforms) = preSolution
		Debug|Any CPU = Debug|Any CPU
		Release|Any CPU = Release|Any CPU
	EndGlobalSection
	GlobalSection(ProjectConfigurationPlatforms) = postSolution
		{16665FE6-E499-4F05-A6BF-8B88A5C1A63E}.Debug|Any CPU.ActiveCfg = Debug|Any CPU
		{16665FE6-E499-4F05-A6BF-8B88A5C1A63E}.Debug|Any CPU.Build.0 = Debug|Any CPU
		{16665FE6-E499-4F05-A6BF-8B88A5C1A63E}.Release|Any CPU.ActiveCfg = Release|Any CPU
		{16665FE6-E499-4F05-A6BF-8B88A5C1A63E}.Release|Any CPU.Build.0 = Release|Any CPU
		{FAE1E87D-C4AB-409C-B4CE-A64D4224525F}.Debug|Any CPU.ActiveCfg = Debug|Any CPU
		{FAE1E87D-C4AB-409C-B4CE-A64D4224525F}.Debug|Any CPU.Build.0 = Debug|Any CPU
		{FAE1E87D-C4AB-409C-B4CE-A64D4224525F}.Release|Any CPU.ActiveCfg = Release|Any CPU
		{FAE1E87D-C4AB-409C-B4CE-A64D4224525F}.Release|Any CPU.Build.0 = Release|Any CPU
		{6E935F3B-D897-4D63-B805-9B9694A267ED}.Debug|Any CPU.ActiveCfg = Debug|Any CPU
		{6E935F3B-D897-4D63-B805-9B9694A267ED}.Debug|Any CPU.Build.0 = Debug|Any CPU
		{6E935F3B-D897-4D63-B805-9B9694A267ED}.Release|Any CPU.ActiveCfg = Release|Any CPU
		{6E935F3B-D897-4D63-B805-9B9694A267ED}.Release|Any CPU.Build.0 = Release|Any CPU
		{0D86ACA0-09FA-425D-9E04-AC68561C4E58}.Debug|Any CPU.ActiveCfg = Debug|Any CPU
		{0D86ACA0-09FA-425D-9E04-AC68561C4E58}.Debug|Any CPU.Build.0 = Debug|Any CPU
		{0D86ACA0-09FA-425D-9E04-AC68561C4E58}.Release|Any CPU.ActiveCfg = Release|Any CPU
		{0D86ACA0-09FA-425D-9E04-AC68561C4E58}.Release|Any CPU.Build.0 = Release|Any CPU
	EndGlobalSection
	GlobalSection(SolutionProperties) = preSolution
		HideSolutionNode = FALSE
	EndGlobalSection
	GlobalSection(ExtensibilityGlobals) = postSolution
		SolutionGuid = {DE0E2A5F-1EFA-499F-B00B-DCF45C009F90}
	EndGlobalSection
EndGlobal
